
Microsoft Visual Studio Solution File, Format Version 12.00
# Visual Studio 15
VisualStudioVersion = 15.0.28010.0
MinimumVisualStudioVersion = 10.0.40219.1
Project("{FAE04EC0-301F-11D3-BF4B-00C04F79EFBC}") = "AspCore1", "AspCore1\AspCore1.csproj", "{E652F5E5-6C85-489D-95DB-95FAB3951D8A}"
EndProject
Global
	GlobalSection(SolutionConfigurationPlatforms) = preSolution
		Debug|Any CPU = Debug|Any CPU
		Release|Any CPU = Release|Any CPU
	EndGlobalSection
	GlobalSection(ProjectConfigurationPlatforms) = postSolution
		{E652F5E5-6C85-489D-95DB-95FAB3951D8A}.Debug|Any CPU.ActiveCfg = Debug|Any CPU
		{E652F5E5-6C85-489D-95DB-95FAB3951D8A}.Debug|Any CPU.Build.0 = Debug|Any CPU
		{E652F5E5-6C85-489D-95DB-95FAB3951D8A}.Release|Any CPU.ActiveCfg = Release|Any CPU
		{E652F5E5-6C85-489D-95DB-95FAB3951D8A}.Release|Any CPU.Build.0 = Release|Any CPU
	EndGlobalSection
	GlobalSection(SolutionProperties) = preSolution
		HideSolutionNode = FALSE
	EndGlobalSection
	GlobalSection(ExtensibilityGlobals) = postSolution
		SolutionGuid = {CFA05FEE-EF5C-4124-B30C-1810E431D681}
	EndGlobalSection
EndGlobal
